// !$*UTF8*$!
{
	archiveVersion = 1;
	classes = {
	};
	objectVersion = 50;
	objects = {

/* Begin PBXBuildFile section */
		2806C24622527E870004EBB0 /* AppDelegate.swift in Sources */ = {isa = PBXBuildFile; fileRef = 2806C24522527E870004EBB0 /* AppDelegate.swift */; };
		2806C24822527E870004EBB0 /* ViewController.swift in Sources */ = {isa = PBXBuildFile; fileRef = 2806C24722527E870004EBB0 /* ViewController.swift */; };
		2806C24B22527E870004EBB0 /* Main.storyboard in Resources */ = {isa = PBXBuildFile; fileRef = 2806C24922527E870004EBB0 /* Main.storyboard */; };
		2806C25022527E8C0004EBB0 /* LaunchScreen.storyboard in Resources */ = {isa = PBXBuildFile; fileRef = 2806C24E22527E8C0004EBB0 /* LaunchScreen.storyboard */; };
		2806C25E22541E710004EBB0 /* RectangleImagesView.swift in Sources */ = {isa = PBXBuildFile; fileRef = 2806C25D22541E710004EBB0 /* RectangleImagesView.swift */; };
		289C3EBC225ABB3800E2E5F9 /* Assets.xcassets in Resources */ = {isa = PBXBuildFile; fileRef = 289C3EBB225ABB3800E2E5F9 /* Assets.xcassets */; };
		289C3EBE225AC3E000E2E5F9 /* ButtonsView.swift in Sources */ = {isa = PBXBuildFile; fileRef = 289C3EBD225AC3E000E2E5F9 /* ButtonsView.swift */; };
/* End PBXBuildFile section */

/* Begin PBXFileReference section */
		2806C24222527E870004EBB0 /* Projet_5.app */ = {isa = PBXFileReference; explicitFileType = wrapper.application; includeInIndex = 0; path = Projet_5.app; sourceTree = BUILT_PRODUCTS_DIR; };
		2806C24522527E870004EBB0 /* AppDelegate.swift */ = {isa = PBXFileReference; lastKnownFileType = sourcecode.swift; path = AppDelegate.swift; sourceTree = "<group>"; };
		2806C24722527E870004EBB0 /* ViewController.swift */ = {isa = PBXFileReference; lastKnownFileType = sourcecode.swift; path = ViewController.swift; sourceTree = "<group>"; };
		2806C24A22527E870004EBB0 /* Base */ = {isa = PBXFileReference; lastKnownFileType = file.storyboard; name = Base; path = Base.lproj/Main.storyboard; sourceTree = "<group>"; };
		2806C24F22527E8C0004EBB0 /* Base */ = {isa = PBXFileReference; lastKnownFileType = file.storyboard; name = Base; path = Base.lproj/LaunchScreen.storyboard; sourceTree = "<group>"; };
		2806C25122527E8C0004EBB0 /* Info.plist */ = {isa = PBXFileReference; lastKnownFileType = text.plist.xml; path = Info.plist; sourceTree = "<group>"; };
		2806C25D22541E710004EBB0 /* RectangleImagesView.swift */ = {isa = PBXFileReference; lastKnownFileType = sourcecode.swift; path = RectangleImagesView.swift; sourceTree = "<group>"; };
		289C3EBB225ABB3800E2E5F9 /* Assets.xcassets */ = {isa = PBXFileReference; lastKnownFileType = folder.assetcatalog; path = Assets.xcassets; sourceTree = "<group>"; };
		289C3EBD225AC3E000E2E5F9 /* ButtonsView.swift */ = {isa = PBXFileReference; lastKnownFileType = sourcecode.swift; path = ButtonsView.swift; sourceTree = "<group>"; };
/* End PBXFileReference section */

/* Begin PBXFrameworksBuildPhase section */
		2806C23F22527E870004EBB0 /* Frameworks */ = {
			isa = PBXFrameworksBuildPhase;
			buildActionMask = 2147483647;
			files = (
			);
			runOnlyForDeploymentPostprocessing = 0;
		};
/* End PBXFrameworksBuildPhase section */

/* Begin PBXGroup section */
		2806C23922527E870004EBB0 = {
			isa = PBXGroup;
			children = (
				2806C24422527E870004EBB0 /* Projet_5 */,
				2806C24322527E870004EBB0 /* Products */,
			);
			sourceTree = "<group>";
		};
		2806C24322527E870004EBB0 /* Products */ = {
			isa = PBXGroup;
			children = (
				2806C24222527E870004EBB0 /* Projet_5.app */,
			);
			name = Products;
			sourceTree = "<group>";
		};
		2806C24422527E870004EBB0 /* Projet_5 */ = {
			isa = PBXGroup;
			children = (
				2806C25122527E8C0004EBB0 /* Info.plist */,
				2806C2572253EE580004EBB0 /* Model */,
				2806C2582253EE6A0004EBB0 /* View */,
				2806C2592253EE710004EBB0 /* Controller */,
				2806C25A2253EEA40004EBB0 /* Supporting Files */,
			);
			path = Projet_5;
			sourceTree = "<group>";
		};
		2806C2572253EE580004EBB0 /* Model */ = {
			isa = PBXGroup;
			children = (
			);
			path = Model;
			sourceTree = "<group>";
		};
		2806C2582253EE6A0004EBB0 /* View */ = {
			isa = PBXGroup;
			children = (
				2806C24922527E870004EBB0 /* Main.storyboard */,
			);
			path = View;
			sourceTree = "<group>";
		};
		2806C2592253EE710004EBB0 /* Controller */ = {
			isa = PBXGroup;
			children = (
				2806C24722527E870004EBB0 /* ViewController.swift */,
				289C3EBD225AC3E000E2E5F9 /* ButtonsView.swift */,
				2806C25D22541E710004EBB0 /* RectangleImagesView.swift */,
			);
			path = Controller;
			sourceTree = "<group>";
		};
		2806C25A2253EEA40004EBB0 /* Supporting Files */ = {
			isa = PBXGroup;
			children = (
				2806C24522527E870004EBB0 /* AppDelegate.swift */,
				289C3EBB225ABB3800E2E5F9 /* Assets.xcassets */,
				2806C24E22527E8C0004EBB0 /* LaunchScreen.storyboard */,
			);
			path = "Supporting Files";
			sourceTree = "<group>";
		};
/* End PBXGroup section */

/* Begin PBXNativeTarget section */
		2806C24122527E870004EBB0 /* Projet_5 */ = {
			isa = PBXNativeTarget;
			buildConfigurationList = 2806C25422527E8C0004EBB0 /* Build configuration list for PBXNativeTarget "Projet_5" */;
			buildPhases = (
				2806C23E22527E870004EBB0 /* Sources */,
				2806C23F22527E870004EBB0 /* Frameworks */,
				2806C24022527E870004EBB0 /* Resources */,
			);
			buildRules = (
			);
			dependencies = (
			);
			name = Projet_5;
			productName = Projet_5;
			productReference = 2806C24222527E870004EBB0 /* Projet_5.app */;
			productType = "com.apple.product-type.application";
		};
/* End PBXNativeTarget section */

/* Begin PBXProject section */
		2806C23A22527E870004EBB0 /* Project object */ = {
			isa = PBXProject;
			attributes = {
				LastSwiftUpdateCheck = 1010;
				LastUpgradeCheck = 1010;
				ORGANIZATIONNAME = "Léo NICOLAS";
				TargetAttributes = {
					2806C24122527E870004EBB0 = {
						CreatedOnToolsVersion = 10.1;
					};
				};
			};
			buildConfigurationList = 2806C23D22527E870004EBB0 /* Build configuration list for PBXProject "Projet_5" */;
			compatibilityVersion = "Xcode 9.3";
			developmentRegion = en;
			hasScannedForEncodings = 0;
			knownRegions = (
				en,
				Base,
			);
			mainGroup = 2806C23922527E870004EBB0;
			productRefGroup = 2806C24322527E870004EBB0 /* Products */;
			projectDirPath = "";
			projectRoot = "";
			targets = (
				2806C24122527E870004EBB0 /* Projet_5 */,
			);
		};
/* End PBXProject section */

/* Begin PBXResourcesBuildPhase section */
		2806C24022527E870004EBB0 /* Resources */ = {
			isa = PBXResourcesBuildPhase;
			buildActionMask = 2147483647;
			files = (
				2806C25022527E8C0004EBB0 /* LaunchScreen.storyboard in Resources */,
				289C3EBC225ABB3800E2E5F9 /* Assets.xcassets in Resources */,
				2806C24B22527E870004EBB0 /* Main.storyboard in Resources */,
			);
			runOnlyForDeploymentPostprocessing = 0;
		};
/* End PBXResourcesBuildPhase section */

/* Begin PBXSourcesBuildPhase section */
		2806C23E22527E870004EBB0 /* Sources */ = {
			isa = PBXSourcesBuildPhase;
			buildActionMask = 2147483647;
			files = (
				2806C24822527E870004EBB0 /* ViewController.swift in Sources */,
				2806C25E22541E710004EBB0 /* RectangleImagesView.swift in Sources */,
				289C3EBE225AC3E000E2E5F9 /* ButtonsView.swift in Sources */,
				2806C24622527E870004EBB0 /* AppDelegate.swift in Sources */,
			);
			runOnlyForDeploymentPostprocessing = 0;
		};
/* End PBXSourcesBuildPhase section */

/* Begin PBXVariantGroup section */
		2806C24922527E870004EBB0 /* Main.storyboard */ = {
			isa = PBXVariantGroup;
			children = (
				2806C24A22527E870004EBB0 /* Base */,
			);
			name = Main.storyboard;
			sourceTree = "<group>";
		};
		2806C24E22527E8C0004EBB0 /* LaunchScreen.storyboard */ = {
			isa = PBXVariantGroup;
			children = (
				2806C24F22527E8C0004EBB0 /* Base */,
			);
			name = LaunchScreen.storyboard;
			sourceTree = "<group>";
		};
/* End PBXVariantGroup section */

/* Begin XCBuildConfiguration section */
		2806C25222527E8C0004EBB0 /* Debug */ = {
			isa = XCBuildConfiguration;
			buildSettings = {
				ALWAYS_SEARCH_USER_PATHS = NO;
				CLANG_ANALYZER_NONNULL = YES;
				CLANG_ANALYZER_NUMBER_OBJECT_CONVERSION = YES_AGGRESSIVE;
				CLANG_CXX_LANGUAGE_STANDARD = "gnu++14";
				CLANG_CXX_LIBRARY = "libc++";
				CLANG_ENABLE_MODULES = YES;
				CLANG_ENABLE_OBJC_ARC = YES;
				CLANG_ENABLE_OBJC_WEAK = YES;
				CLANG_WARN_BLOCK_CAPTURE_AUTORELEASING = YES;
				CLANG_WARN_BOOL_CONVERSION = YES;
				CLANG_WARN_COMMA = YES;
				CLANG_WARN_CONSTANT_CONVERSION = YES;
				CLANG_WARN_DEPRECATED_OBJC_IMPLEMENTATIONS = YES;
				CLANG_WARN_DIRECT_OBJC_ISA_USAGE = YES_ERROR;
				CLANG_WARN_DOCUMENTATION_COMMENTS = YES;
				CLANG_WARN_EMPTY_BODY = YES;
				CLANG_WARN_ENUM_CONVERSION = YES;
				CLANG_WARN_INFINITE_RECURSION = YES;
				CLANG_WARN_INT_CONVERSION = YES;
				CLANG_WARN_NON_LITERAL_NULL_CONVERSION = YES;
				CLANG_WARN_OBJC_IMPLICIT_RETAIN_SELF = YES;
				CLANG_WARN_OBJC_LITERAL_CONVERSION = YES;
				CLANG_WARN_OBJC_ROOT_CLASS = YES_ERROR;
				CLANG_WARN_RANGE_LOOP_ANALYSIS = YES;
				CLANG_WARN_STRICT_PROTOTYPES = YES;
				CLANG_WARN_SUSPICIOUS_MOVE = YES;
				CLANG_WARN_UNGUARDED_AVAILABILITY = YES_AGGRESSIVE;
				CLANG_WARN_UNREACHABLE_CODE = YES;
				CLANG_WARN__DUPLICATE_METHOD_MATCH = YES;
				CODE_SIGN_IDENTITY = "iPhone Developer";
				COPY_PHASE_STRIP = NO;
				DEBUG_INFORMATION_FORMAT = dwarf;
				ENABLE_STRICT_OBJC_MSGSEND = YES;
				ENABLE_TESTABILITY = YES;
				GCC_C_LANGUAGE_STANDARD = gnu11;
				GCC_DYNAMIC_NO_PIC = NO;
				GCC_NO_COMMON_BLOCKS = YES;
				GCC_OPTIMIZATION_LEVEL = 0;
				GCC_PREPROCESSOR_DEFINITIONS = (
					"DEBUG=1",
					"$(inherited)",
				);
				GCC_WARN_64_TO_32_BIT_CONVERSION = YES;
				GCC_WARN_ABOUT_RETURN_TYPE = YES_ERROR;
				GCC_WARN_UNDECLARED_SELECTOR = YES;
				GCC_WARN_UNINITIALIZED_AUTOS = YES_AGGRESSIVE;
				GCC_WARN_UNUSED_FUNCTION = YES;
				GCC_WARN_UNUSED_VARIABLE = YES;
				IPHONEOS_DEPLOYMENT_TARGET = 12.1;
				MTL_ENABLE_DEBUG_INFO = INCLUDE_SOURCE;
				MTL_FAST_MATH = YES;
				ONLY_ACTIVE_ARCH = YES;
				SDKROOT = iphoneos;
				SWIFT_ACTIVE_COMPILATION_CONDITIONS = DEBUG;
				SWIFT_OPTIMIZATION_LEVEL = "-Onone";
			};
			name = Debug;
		};
		2806C25322527E8C0004EBB0 /* Release */ = {
			isa = XCBuildConfiguration;
			buildSettings = {
				ALWAYS_SEARCH_USER_PATHS = NO;
				CLANG_ANALYZER_NONNULL = YES;
				CLANG_ANALYZER_NUMBER_OBJECT_CONVERSION = YES_AGGRESSIVE;
				CLANG_CXX_LANGUAGE_STANDARD = "gnu++14";
				CLANG_CXX_LIBRARY = "libc++";
				CLANG_ENABLE_MODULES = YES;
				CLANG_ENABLE_OBJC_ARC = YES;
				CLANG_ENABLE_OBJC_WEAK = YES;
				CLANG_WARN_BLOCK_CAPTURE_AUTORELEASING = YES;
				CLANG_WARN_BOOL_CONVERSION = YES;
				CLANG_WARN_COMMA = YES;
				CLANG_WARN_CONSTANT_CONVERSION = YES;
				CLANG_WARN_DEPRECATED_OBJC_IMPLEMENTATIONS = YES;
				CLANG_WARN_DIRECT_OBJC_ISA_USAGE = YES_ERROR;
				CLANG_WARN_DOCUMENTATION_COMMENTS = YES;
				CLANG_WARN_EMPTY_BODY = YES;
				CLANG_WARN_ENUM_CONVERSION = YES;
				CLANG_WARN_INFINITE_RECURSION = YES;
				CLANG_WARN_INT_CONVERSION = YES;
				CLANG_WARN_NON_LITERAL_NULL_CONVERSION = YES;
				CLANG_WARN_OBJC_IMPLICIT_RETAIN_SELF = YES;
				CLANG_WARN_OBJC_LITERAL_CONVERSION = YES;
				CLANG_WARN_OBJC_ROOT_CLASS = YES_ERROR;
				CLANG_WARN_RANGE_LOOP_ANALYSIS = YES;
				CLANG_WARN_STRICT_PROTOTYPES = YES;
				CLANG_WARN_SUSPICIOUS_MOVE = YES;
				CLANG_WARN_UNGUARDED_AVAILABILITY = YES_AGGRESSIVE;
				CLANG_WARN_UNREACHABLE_CODE = YES;
				CLANG_WARN__DUPLICATE_METHOD_MATCH = YES;
				CODE_SIGN_IDENTITY = "iPhone Developer";
				COPY_PHASE_STRIP = NO;
				DEBUG_INFORMATION_FORMAT = "dwarf-with-dsym";
				ENABLE_NS_ASSERTIONS = NO;
				ENABLE_STRICT_OBJC_MSGSEND = YES;
				GCC_C_LANGUAGE_STANDARD = gnu11;
				GCC_NO_COMMON_BLOCKS = YES;
				GCC_WARN_64_TO_32_BIT_CONVERSION = YES;
				GCC_WARN_ABOUT_RETURN_TYPE = YES_ERROR;
				GCC_WARN_UNDECLARED_SELECTOR = YES;
				GCC_WARN_UNINITIALIZED_AUTOS = YES_AGGRESSIVE;
				GCC_WARN_UNUSED_FUNCTION = YES;
				GCC_WARN_UNUSED_VARIABLE = YES;
				IPHONEOS_DEPLOYMENT_TARGET = 12.1;
				MTL_ENABLE_DEBUG_INFO = NO;
				MTL_FAST_MATH = YES;
				SDKROOT = iphoneos;
				SWIFT_COMPILATION_MODE = wholemodule;
				SWIFT_OPTIMIZATION_LEVEL = "-O";
				VALIDATE_PRODUCT = YES;
			};
			name = Release;
		};
		2806C25522527E8C0004EBB0 /* Debug */ = {
			isa = XCBuildConfiguration;
			buildSettings = {
				ASSETCATALOG_COMPILER_APPICON_NAME = AppIcon;
				CODE_SIGN_STYLE = Automatic;
				INFOPLIST_FILE = Projet_5/Info.plist;
				IPHONEOS_DEPLOYMENT_TARGET = 11.0;
				LD_RUNPATH_SEARCH_PATHS = (
					"$(inherited)",
					"@executable_path/Frameworks",
				);
				PRODUCT_BUNDLE_IDENTIFIER = "fr.nicolasleo.Projet-5";
				PRODUCT_NAME = "$(TARGET_NAME)";
				SWIFT_VERSION = 4.2;
				TARGETED_DEVICE_FAMILY = "1,2";
			};
			name = Debug;
		};
		2806C25622527E8C0004EBB0 /* Release */ = {
			isa = XCBuildConfiguration;
			buildSettings = {
				ASSETCATALOG_COMPILER_APPICON_NAME = AppIcon;
				CODE_SIGN_STYLE = Automatic;
				INFOPLIST_FILE = Projet_5/Info.plist;
				IPHONEOS_DEPLOYMENT_TARGET = 11.0;
				LD_RUNPATH_SEARCH_PATHS = (
					"$(inherited)",
					"@executable_path/Frameworks",
				);
				PRODUCT_BUNDLE_IDENTIFIER = "fr.nicolasleo.Projet-5";
				PRODUCT_NAME = "$(TARGET_NAME)";
				SWIFT_VERSION = 4.2;
				TARGETED_DEVICE_FAMILY = "1,2";
			};
			name = Release;
		};
/* End XCBuildConfiguration section */

/* Begin XCConfigurationList section */
		2806C23D22527E870004EBB0 /* Build configuration list for PBXProject "Projet_5" */ = {
			isa = XCConfigurationList;
			buildConfigurations = (
				2806C25222527E8C0004EBB0 /* Debug */,
				2806C25322527E8C0004EBB0 /* Release */,
			);
			defaultConfigurationIsVisible = 0;
			defaultConfigurationName = Release;
		};
		2806C25422527E8C0004EBB0 /* Build configuration list for PBXNativeTarget "Projet_5" */ = {
			isa = XCConfigurationList;
			buildConfigurations = (
				2806C25522527E8C0004EBB0 /* Debug */,
				2806C25622527E8C0004EBB0 /* Release */,
			);
			defaultConfigurationIsVisible = 0;
			defaultConfigurationName = Release;
		};
/* End XCConfigurationList section */
	};
	rootObject = 2806C23A22527E870004EBB0 /* Project object */;
}
